
Microsoft Visual Studio Solution File, Format Version 12.00
# Visual Studio Version 17
VisualStudioVersion = 17.0.31903.59
MinimumVisualStudioVersion = 10.0.40219.1
Project("{2150E333-8FDC-42A3-9474-1A3956D46DE8}") = "src", "src", "{8FF72429-B04D-474C-8513-856FA7197B07}"
EndProject
Project("{9A19103F-16F7-4668-BE54-9A1E7A4F7556}") = "MovieService", "src\MovieService\MovieService.csproj", "{7788F2E3-4050-4274-91D4-DD1A272344DE}"
EndProject
Project("{9A19103F-16F7-4668-BE54-9A1E7A4F7556}") = "UserService", "src\UserService\UserService.csproj", "{AF596F92-2B05-49EB-AF14-808FC1B3B8C5}"
EndProject
Project("{9A19103F-16F7-4668-BE54-9A1E7A4F7556}") = "WatchlistService", "src\WatchlistService\WatchlistService.csproj", "{280DE5D9-6037-4976-B819-F4C0CBEF15FA}"
EndProject
Project("{2150E333-8FDC-42A3-9474-1A3956D46DE8}") = "tests", "tests", "{5A41B095-0E3B-4F9D-9CA5-7E99693891D4}"
EndProject
Project("{9A19103F-16F7-4668-BE54-9A1E7A4F7556}") = "Shared", "src\Shared\Shared.csproj", "{EB636F59-FA19-474F-A666-3B249ED04D8C}"
EndProject
Project("{9A19103F-16F7-4668-BE54-9A1E7A4F7556}") = "ApiGateway", "src\ApiGateway\ApiGateway.csproj", "{5DA36C10-7D08-450E-B6FA-01CA27EFE7C8}"
EndProject
Project("{FAE04EC0-301F-11D3-BF4B-00C04F79EFBC}") = "Watchwise.Tests", "tests\Watchwise.Tests\Watchwise.Tests.csproj", "{3087BA94-7300-45CD-8AB3-40730A1F68C9}"
EndProject
Global
	GlobalSection(SolutionConfigurationPlatforms) = preSolution
		Debug|Any CPU = Debug|Any CPU
		Release|Any CPU = Release|Any CPU
	EndGlobalSection
	GlobalSection(ProjectConfigurationPlatforms) = postSolution
		{7788F2E3-4050-4274-91D4-DD1A272344DE}.Debug|Any CPU.ActiveCfg = Debug|Any CPU
		{7788F2E3-4050-4274-91D4-DD1A272344DE}.Debug|Any CPU.Build.0 = Debug|Any CPU
		{7788F2E3-4050-4274-91D4-DD1A272344DE}.Release|Any CPU.ActiveCfg = Release|Any CPU
		{7788F2E3-4050-4274-91D4-DD1A272344DE}.Release|Any CPU.Build.0 = Release|Any CPU
		{AF596F92-2B05-49EB-AF14-808FC1B3B8C5}.Debug|Any CPU.ActiveCfg = Debug|Any CPU
		{AF596F92-2B05-49EB-AF14-808FC1B3B8C5}.Debug|Any CPU.Build.0 = Debug|Any CPU
		{AF596F92-2B05-49EB-AF14-808FC1B3B8C5}.Release|Any CPU.ActiveCfg = Release|Any CPU
		{AF596F92-2B05-49EB-AF14-808FC1B3B8C5}.Release|Any CPU.Build.0 = Release|Any CPU
		{280DE5D9-6037-4976-B819-F4C0CBEF15FA}.Debug|Any CPU.ActiveCfg = Debug|Any CPU
		{280DE5D9-6037-4976-B819-F4C0CBEF15FA}.Debug|Any CPU.Build.0 = Debug|Any CPU
		{280DE5D9-6037-4976-B819-F4C0CBEF15FA}.Release|Any CPU.ActiveCfg = Release|Any CPU
		{280DE5D9-6037-4976-B819-F4C0CBEF15FA}.Release|Any CPU.Build.0 = Release|Any CPU
		{EB636F59-FA19-474F-A666-3B249ED04D8C}.Debug|Any CPU.ActiveCfg = Debug|Any CPU
		{EB636F59-FA19-474F-A666-3B249ED04D8C}.Debug|Any CPU.Build.0 = Debug|Any CPU
		{EB636F59-FA19-474F-A666-3B249ED04D8C}.Release|Any CPU.ActiveCfg = Release|Any CPU
		{EB636F59-FA19-474F-A666-3B249ED04D8C}.Release|Any CPU.Build.0 = Release|Any CPU
		{5DA36C10-7D08-450E-B6FA-01CA27EFE7C8}.Debug|Any CPU.ActiveCfg = Debug|Any CPU
		{5DA36C10-7D08-450E-B6FA-01CA27EFE7C8}.Debug|Any CPU.Build.0 = Debug|Any CPU
		{5DA36C10-7D08-450E-B6FA-01CA27EFE7C8}.Release|Any CPU.ActiveCfg = Release|Any CPU
		{5DA36C10-7D08-450E-B6FA-01CA27EFE7C8}.Release|Any CPU.Build.0 = Release|Any CPU
		{3087BA94-7300-45CD-8AB3-40730A1F68C9}.Debug|Any CPU.ActiveCfg = Debug|Any CPU
		{3087BA94-7300-45CD-8AB3-40730A1F68C9}.Debug|Any CPU.Build.0 = Debug|Any CPU
		{3087BA94-7300-45CD-8AB3-40730A1F68C9}.Release|Any CPU.ActiveCfg = Release|Any CPU
		{3087BA94-7300-45CD-8AB3-40730A1F68C9}.Release|Any CPU.Build.0 = Release|Any CPU
	EndGlobalSection
	GlobalSection(SolutionProperties) = preSolution
		HideSolutionNode = FALSE
	EndGlobalSection
	GlobalSection(NestedProjects) = preSolution
		{7788F2E3-4050-4274-91D4-DD1A272344DE} = {8FF72429-B04D-474C-8513-856FA7197B07}
		{AF596F92-2B05-49EB-AF14-808FC1B3B8C5} = {8FF72429-B04D-474C-8513-856FA7197B07}
		{280DE5D9-6037-4976-B819-F4C0CBEF15FA} = {8FF72429-B04D-474C-8513-856FA7197B07}
		{EB636F59-FA19-474F-A666-3B249ED04D8C} = {8FF72429-B04D-474C-8513-856FA7197B07}
		{5DA36C10-7D08-450E-B6FA-01CA27EFE7C8} = {8FF72429-B04D-474C-8513-856FA7197B07}
		{3087BA94-7300-45CD-8AB3-40730A1F68C9} = {5A41B095-0E3B-4F9D-9CA5-7E99693891D4}
	EndGlobalSection
	GlobalSection(ExtensibilityGlobals) = postSolution
		SolutionGuid = {C3474D68-5315-40FC-A002-47F1A9ACB2D8}
	EndGlobalSection
EndGlobal
