
Microsoft Visual Studio Solution File, Format Version 12.00
# Visual Studio Version 17
VisualStudioVersion = 17.0.31903.59
MinimumVisualStudioVersion = 10.0.40219.1
Project("{FAE04EC0-301F-11D3-BF4B-00C04F79EFBC}") = "MovieService", "MovieService\MovieService.csproj", "{0E1F936A-9213-4DDE-9895-4BB718406A50}"
EndProject
Project("{FAE04EC0-301F-11D3-BF4B-00C04F79EFBC}") = "RecommendationService", "RecommendationService\RecommendationService.csproj", "{EDE9F892-9F7F-4C9A-AD9B-F8DF06DF1FF7}"
EndProject
Project("{FAE04EC0-301F-11D3-BF4B-00C04F79EFBC}") = "UserService", "UserService\UserService.csproj", "{FB76528A-D435-44BC-91D2-453EC4DE6446}"
EndProject
Project("{FAE04EC0-301F-11D3-BF4B-00C04F79EFBC}") = "WatchlistService", "WatchlistService\WatchlistService.csproj", "{D51B8380-F01E-4F0C-A580-673A14180837}"
EndProject
Project("{2150E333-8FDC-42A3-9474-1A3956D46DE8}") = "src", "src", "{F46CA56C-95EA-4C4F-9A28-705FD0E94325}"
EndProject
Project("{FAE04EC0-301F-11D3-BF4B-00C04F79EFBC}") = "MovieService", "src\MovieService\MovieService.csproj", "{24E7D466-B3C0-42AE-8999-B59897C4BFC1}"
EndProject
Project("{FAE04EC0-301F-11D3-BF4B-00C04F79EFBC}") = "RecommendationService", "src\RecommendationService\RecommendationService.csproj", "{A1829E8E-43E1-4AB2-8F4F-755EEC0C9C91}"
EndProject
Project("{FAE04EC0-301F-11D3-BF4B-00C04F79EFBC}") = "UserService", "src\UserService\UserService.csproj", "{D0050417-BBCA-45FA-8D22-777A2902486D}"
EndProject
Project("{FAE04EC0-301F-11D3-BF4B-00C04F79EFBC}") = "WatchlistService", "src\WatchlistService\WatchlistService.csproj", "{9274D58E-5A9D-40B2-ADDE-73CF675B3001}"
EndProject
Global
	GlobalSection(SolutionConfigurationPlatforms) = preSolution
		Debug|Any CPU = Debug|Any CPU
		Release|Any CPU = Release|Any CPU
	EndGlobalSection
	GlobalSection(SolutionProperties) = preSolution
		HideSolutionNode = FALSE
	EndGlobalSection
	GlobalSection(ProjectConfigurationPlatforms) = postSolution
		{0E1F936A-9213-4DDE-9895-4BB718406A50}.Debug|Any CPU.ActiveCfg = Debug|Any CPU
		{0E1F936A-9213-4DDE-9895-4BB718406A50}.Debug|Any CPU.Build.0 = Debug|Any CPU
		{0E1F936A-9213-4DDE-9895-4BB718406A50}.Release|Any CPU.ActiveCfg = Release|Any CPU
		{0E1F936A-9213-4DDE-9895-4BB718406A50}.Release|Any CPU.Build.0 = Release|Any CPU
		{EDE9F892-9F7F-4C9A-AD9B-F8DF06DF1FF7}.Debug|Any CPU.ActiveCfg = Debug|Any CPU
		{EDE9F892-9F7F-4C9A-AD9B-F8DF06DF1FF7}.Debug|Any CPU.Build.0 = Debug|Any CPU
		{EDE9F892-9F7F-4C9A-AD9B-F8DF06DF1FF7}.Release|Any CPU.ActiveCfg = Release|Any CPU
		{EDE9F892-9F7F-4C9A-AD9B-F8DF06DF1FF7}.Release|Any CPU.Build.0 = Release|Any CPU
		{FB76528A-D435-44BC-91D2-453EC4DE6446}.Debug|Any CPU.ActiveCfg = Debug|Any CPU
		{FB76528A-D435-44BC-91D2-453EC4DE6446}.Debug|Any CPU.Build.0 = Debug|Any CPU
		{FB76528A-D435-44BC-91D2-453EC4DE6446}.Release|Any CPU.ActiveCfg = Release|Any CPU
		{FB76528A-D435-44BC-91D2-453EC4DE6446}.Release|Any CPU.Build.0 = Release|Any CPU
		{D51B8380-F01E-4F0C-A580-673A14180837}.Debug|Any CPU.ActiveCfg = Debug|Any CPU
		{D51B8380-F01E-4F0C-A580-673A14180837}.Debug|Any CPU.Build.0 = Debug|Any CPU
		{D51B8380-F01E-4F0C-A580-673A14180837}.Release|Any CPU.ActiveCfg = Release|Any CPU
		{D51B8380-F01E-4F0C-A580-673A14180837}.Release|Any CPU.Build.0 = Release|Any CPU
		{24E7D466-B3C0-42AE-8999-B59897C4BFC1}.Debug|Any CPU.ActiveCfg = Debug|Any CPU
		{24E7D466-B3C0-42AE-8999-B59897C4BFC1}.Debug|Any CPU.Build.0 = Debug|Any CPU
		{24E7D466-B3C0-42AE-8999-B59897C4BFC1}.Release|Any CPU.ActiveCfg = Release|Any CPU
		{24E7D466-B3C0-42AE-8999-B59897C4BFC1}.Release|Any CPU.Build.0 = Release|Any CPU
		{A1829E8E-43E1-4AB2-8F4F-755EEC0C9C91}.Debug|Any CPU.ActiveCfg = Debug|Any CPU
		{A1829E8E-43E1-4AB2-8F4F-755EEC0C9C91}.Debug|Any CPU.Build.0 = Debug|Any CPU
		{A1829E8E-43E1-4AB2-8F4F-755EEC0C9C91}.Release|Any CPU.ActiveCfg = Release|Any CPU
		{A1829E8E-43E1-4AB2-8F4F-755EEC0C9C91}.Release|Any CPU.Build.0 = Release|Any CPU
		{D0050417-BBCA-45FA-8D22-777A2902486D}.Debug|Any CPU.ActiveCfg = Debug|Any CPU
		{D0050417-BBCA-45FA-8D22-777A2902486D}.Debug|Any CPU.Build.0 = Debug|Any CPU
		{D0050417-BBCA-45FA-8D22-777A2902486D}.Release|Any CPU.ActiveCfg = Release|Any CPU
		{D0050417-BBCA-45FA-8D22-777A2902486D}.Release|Any CPU.Build.0 = Release|Any CPU
		{9274D58E-5A9D-40B2-ADDE-73CF675B3001}.Debug|Any CPU.ActiveCfg = Debug|Any CPU
		{9274D58E-5A9D-40B2-ADDE-73CF675B3001}.Debug|Any CPU.Build.0 = Debug|Any CPU
		{9274D58E-5A9D-40B2-ADDE-73CF675B3001}.Release|Any CPU.ActiveCfg = Release|Any CPU
		{9274D58E-5A9D-40B2-ADDE-73CF675B3001}.Release|Any CPU.Build.0 = Release|Any CPU
	EndGlobalSection
	GlobalSection(NestedProjects) = preSolution
		{24E7D466-B3C0-42AE-8999-B59897C4BFC1} = {F46CA56C-95EA-4C4F-9A28-705FD0E94325}
		{A1829E8E-43E1-4AB2-8F4F-755EEC0C9C91} = {F46CA56C-95EA-4C4F-9A28-705FD0E94325}
		{D0050417-BBCA-45FA-8D22-777A2902486D} = {F46CA56C-95EA-4C4F-9A28-705FD0E94325}
		{9274D58E-5A9D-40B2-ADDE-73CF675B3001} = {F46CA56C-95EA-4C4F-9A28-705FD0E94325}
	EndGlobalSection
EndGlobal
